
Microsoft Visual Studio Solution File, Format Version 12.00
# Visual Studio Version 16
VisualStudioVersion = 16.0.30611.23
MinimumVisualStudioVersion = 10.0.40219.1
Project("{FAE04EC0-301F-11D3-BF4B-00C04F79EFBC}") = "RecuperacioTema_2", "RecuperacioTema_2\RecuperacioTema_2.csproj", "{69F6A83C-1BBD-443D-A662-DA1D4360F201}"
EndProject
Global
	GlobalSection(SolutionConfigurationPlatforms) = preSolution
		Debug|Any CPU = Debug|Any CPU
		Release|Any CPU = Release|Any CPU
	EndGlobalSection
	GlobalSection(ProjectConfigurationPlatforms) = postSolution
		{69F6A83C-1BBD-443D-A662-DA1D4360F201}.Debug|Any CPU.ActiveCfg = Debug|Any CPU
		{69F6A83C-1BBD-443D-A662-DA1D4360F201}.Debug|Any CPU.Build.0 = Debug|Any CPU
		{69F6A83C-1BBD-443D-A662-DA1D4360F201}.Release|Any CPU.ActiveCfg = Release|Any CPU
		{69F6A83C-1BBD-443D-A662-DA1D4360F201}.Release|Any CPU.Build.0 = Release|Any CPU
	EndGlobalSection
	GlobalSection(SolutionProperties) = preSolution
		HideSolutionNode = FALSE
	EndGlobalSection
	GlobalSection(ExtensibilityGlobals) = postSolution
		SolutionGuid = {67F86551-0421-4CA1-8299-A8401FF5EAE0}
	EndGlobalSection
EndGlobal
